
Microsoft Visual Studio Solution File, Format Version 12.00
# Visual Studio Version 16
VisualStudioVersion = 16.0.30804.86
MinimumVisualStudioVersion = 10.0.40219.1
Project("{9A19103F-16F7-4668-BE54-9A1E7A4F7556}") = "ThreadClustering", "ThreadClustering\ThreadClustering.csproj", "{284A31B0-B180-41A6-AB15-7D97DFB50FE3}"
EndProject
Project("{FAE04EC0-301F-11D3-BF4B-00C04F79EFBC}") = "ThreadClustering.Test", "ThreadClustering.Test\ThreadClustering.Test.csproj", "{63BC4580-648D-4665-B14E-963ABB19FEF5}"
EndProject
Global
	GlobalSection(SolutionConfigurationPlatforms) = preSolution
		Debug|Any CPU = Debug|Any CPU
		Debug|x64 = Debug|x64
		Release|Any CPU = Release|Any CPU
		Release|x64 = Release|x64
	EndGlobalSection
	GlobalSection(ProjectConfigurationPlatforms) = postSolution
		{284A31B0-B180-41A6-AB15-7D97DFB50FE3}.Debug|Any CPU.ActiveCfg = Debug|Any CPU
		{284A31B0-B180-41A6-AB15-7D97DFB50FE3}.Debug|Any CPU.Build.0 = Debug|Any CPU
		{284A31B0-B180-41A6-AB15-7D97DFB50FE3}.Debug|x64.ActiveCfg = Debug|x64
		{284A31B0-B180-41A6-AB15-7D97DFB50FE3}.Debug|x64.Build.0 = Debug|x64
		{284A31B0-B180-41A6-AB15-7D97DFB50FE3}.Release|Any CPU.ActiveCfg = Release|Any CPU
		{284A31B0-B180-41A6-AB15-7D97DFB50FE3}.Release|Any CPU.Build.0 = Release|Any CPU
		{284A31B0-B180-41A6-AB15-7D97DFB50FE3}.Release|x64.ActiveCfg = Release|x64
		{284A31B0-B180-41A6-AB15-7D97DFB50FE3}.Release|x64.Build.0 = Release|x64
		{63BC4580-648D-4665-B14E-963ABB19FEF5}.Debug|Any CPU.ActiveCfg = Debug|Any CPU
		{63BC4580-648D-4665-B14E-963ABB19FEF5}.Debug|Any CPU.Build.0 = Debug|Any CPU
		{63BC4580-648D-4665-B14E-963ABB19FEF5}.Debug|x64.ActiveCfg = Debug|x64
		{63BC4580-648D-4665-B14E-963ABB19FEF5}.Debug|x64.Build.0 = Debug|x64
		{63BC4580-648D-4665-B14E-963ABB19FEF5}.Release|Any CPU.ActiveCfg = Release|Any CPU
		{63BC4580-648D-4665-B14E-963ABB19FEF5}.Release|Any CPU.Build.0 = Release|Any CPU
		{63BC4580-648D-4665-B14E-963ABB19FEF5}.Release|x64.ActiveCfg = Release|x64
		{63BC4580-648D-4665-B14E-963ABB19FEF5}.Release|x64.Build.0 = Release|x64
	EndGlobalSection
	GlobalSection(SolutionProperties) = preSolution
		HideSolutionNode = FALSE
	EndGlobalSection
	GlobalSection(ExtensibilityGlobals) = postSolution
		SolutionGuid = {AB43D48D-BDEE-49AB-A8B0-AFD10EA0CD8E}
	EndGlobalSection
EndGlobal
